
Microsoft Visual Studio Solution File, Format Version 12.00
# Visual Studio Version 17
VisualStudioVersion = 17.5.002.0
MinimumVisualStudioVersion = 10.0.40219.1
Project("{9A19103F-16F7-4668-BE54-9A1E7A4F7556}") = "frdgr5", "frdgr5.csproj", "{B0BD7BAE-3B3B-4F18-B734-E6BB3A634444}"
EndProject
Global
	GlobalSection(SolutionConfigurationPlatforms) = preSolution
		Debug|Any CPU = Debug|Any CPU
		Release|Any CPU = Release|Any CPU
	EndGlobalSection
	GlobalSection(ProjectConfigurationPlatforms) = postSolution
		{B0BD7BAE-3B3B-4F18-B734-E6BB3A634444}.Debug|Any CPU.ActiveCfg = Debug|Any CPU
		{B0BD7BAE-3B3B-4F18-B734-E6BB3A634444}.Debug|Any CPU.Build.0 = Debug|Any CPU
		{B0BD7BAE-3B3B-4F18-B734-E6BB3A634444}.Release|Any CPU.ActiveCfg = Release|Any CPU
		{B0BD7BAE-3B3B-4F18-B734-E6BB3A634444}.Release|Any CPU.Build.0 = Release|Any CPU
	EndGlobalSection
	GlobalSection(SolutionProperties) = preSolution
		HideSolutionNode = FALSE
	EndGlobalSection
	GlobalSection(ExtensibilityGlobals) = postSolution
		SolutionGuid = {037872FA-4738-48C4-8EDF-DCD84C5E5428}
	EndGlobalSection
EndGlobal
